
Microsoft Visual Studio Solution File, Format Version 12.00
# Visual Studio Version 17
VisualStudioVersion = 17.0.31903.59
MinimumVisualStudioVersion = 10.0.40219.1
Project("{FAE04EC0-301F-11D3-BF4B-00C04F79EFBC}") = "Puissance4.Application", "Puissance4.Application\Puissance4.Application.csproj", "{01FE5B62-18C9-4590-9946-738F005B7050}"
EndProject
Project("{FAE04EC0-301F-11D3-BF4B-00C04F79EFBC}") = "Puissance4.DataAccess", "Puissance4.DataAccess\Puissance4.DataAccess.csproj", "{2E76AB45-536B-47AC-A85A-6EFC802A8658}"
EndProject
Project("{FAE04EC0-301F-11D3-BF4B-00C04F79EFBC}") = "Puissance4.Presentation", "Puissance4.Presentation\Puissance4.Presentation.csproj", "{7D158A18-DB7E-43C3-B069-87005F9E211F}"
EndProject
Project("{FAE04EC0-301F-11D3-BF4B-00C04F79EFBC}") = "Puissance4.DTOs", "Puissance4.DTOs\Puissance4.DTOs.csproj", "{32037E86-96C8-4E9D-9029-EF65B34BCC7E}"
EndProject
Global
	GlobalSection(SolutionConfigurationPlatforms) = preSolution
		Debug|Any CPU = Debug|Any CPU
		Release|Any CPU = Release|Any CPU
	EndGlobalSection
	GlobalSection(SolutionProperties) = preSolution
		HideSolutionNode = FALSE
	EndGlobalSection
	GlobalSection(ProjectConfigurationPlatforms) = postSolution
		{8141BC8E-A701-4999-8B1E-C8717F0F1E9E}.Debug|Any CPU.ActiveCfg = Debug|Any CPU
		{8141BC8E-A701-4999-8B1E-C8717F0F1E9E}.Debug|Any CPU.Build.0 = Debug|Any CPU
		{8141BC8E-A701-4999-8B1E-C8717F0F1E9E}.Release|Any CPU.ActiveCfg = Release|Any CPU
		{8141BC8E-A701-4999-8B1E-C8717F0F1E9E}.Release|Any CPU.Build.0 = Release|Any CPU
		{01FE5B62-18C9-4590-9946-738F005B7050}.Debug|Any CPU.ActiveCfg = Debug|Any CPU
		{01FE5B62-18C9-4590-9946-738F005B7050}.Debug|Any CPU.Build.0 = Debug|Any CPU
		{01FE5B62-18C9-4590-9946-738F005B7050}.Release|Any CPU.ActiveCfg = Release|Any CPU
		{01FE5B62-18C9-4590-9946-738F005B7050}.Release|Any CPU.Build.0 = Release|Any CPU
		{2E76AB45-536B-47AC-A85A-6EFC802A8658}.Debug|Any CPU.ActiveCfg = Debug|Any CPU
		{2E76AB45-536B-47AC-A85A-6EFC802A8658}.Debug|Any CPU.Build.0 = Debug|Any CPU
		{2E76AB45-536B-47AC-A85A-6EFC802A8658}.Release|Any CPU.ActiveCfg = Release|Any CPU
		{2E76AB45-536B-47AC-A85A-6EFC802A8658}.Release|Any CPU.Build.0 = Release|Any CPU
		{24237ACB-A003-4B10-B81A-0AD9822BB912}.Debug|Any CPU.ActiveCfg = Debug|Any CPU
		{24237ACB-A003-4B10-B81A-0AD9822BB912}.Debug|Any CPU.Build.0 = Debug|Any CPU
		{24237ACB-A003-4B10-B81A-0AD9822BB912}.Release|Any CPU.ActiveCfg = Release|Any CPU
		{24237ACB-A003-4B10-B81A-0AD9822BB912}.Release|Any CPU.Build.0 = Release|Any CPU
		{B6AA7571-15B0-4D13-8D82-9464BC08ABAE}.Debug|Any CPU.ActiveCfg = Debug|Any CPU
		{B6AA7571-15B0-4D13-8D82-9464BC08ABAE}.Debug|Any CPU.Build.0 = Debug|Any CPU
		{B6AA7571-15B0-4D13-8D82-9464BC08ABAE}.Release|Any CPU.ActiveCfg = Release|Any CPU
		{B6AA7571-15B0-4D13-8D82-9464BC08ABAE}.Release|Any CPU.Build.0 = Release|Any CPU
		{8CFB56BF-6C19-4159-AA89-3179113D7FFA}.Debug|Any CPU.ActiveCfg = Debug|Any CPU
		{8CFB56BF-6C19-4159-AA89-3179113D7FFA}.Debug|Any CPU.Build.0 = Debug|Any CPU
		{8CFB56BF-6C19-4159-AA89-3179113D7FFA}.Release|Any CPU.ActiveCfg = Release|Any CPU
		{8CFB56BF-6C19-4159-AA89-3179113D7FFA}.Release|Any CPU.Build.0 = Release|Any CPU
		{3B92E0E0-2B9F-4A57-AFD0-EDF2DEC16DD6}.Debug|Any CPU.ActiveCfg = Debug|Any CPU
		{3B92E0E0-2B9F-4A57-AFD0-EDF2DEC16DD6}.Debug|Any CPU.Build.0 = Debug|Any CPU
		{3B92E0E0-2B9F-4A57-AFD0-EDF2DEC16DD6}.Release|Any CPU.ActiveCfg = Release|Any CPU
		{3B92E0E0-2B9F-4A57-AFD0-EDF2DEC16DD6}.Release|Any CPU.Build.0 = Release|Any CPU
		{7D158A18-DB7E-43C3-B069-87005F9E211F}.Debug|Any CPU.ActiveCfg = Debug|Any CPU
		{7D158A18-DB7E-43C3-B069-87005F9E211F}.Debug|Any CPU.Build.0 = Debug|Any CPU
		{7D158A18-DB7E-43C3-B069-87005F9E211F}.Release|Any CPU.ActiveCfg = Release|Any CPU
		{7D158A18-DB7E-43C3-B069-87005F9E211F}.Release|Any CPU.Build.0 = Release|Any CPU
		{32037E86-96C8-4E9D-9029-EF65B34BCC7E}.Debug|Any CPU.ActiveCfg = Debug|Any CPU
		{32037E86-96C8-4E9D-9029-EF65B34BCC7E}.Debug|Any CPU.Build.0 = Debug|Any CPU
		{32037E86-96C8-4E9D-9029-EF65B34BCC7E}.Release|Any CPU.ActiveCfg = Release|Any CPU
		{32037E86-96C8-4E9D-9029-EF65B34BCC7E}.Release|Any CPU.Build.0 = Release|Any CPU
	EndGlobalSection
EndGlobal
